
Microsoft Visual Studio Solution File, Format Version 12.00
# Visual Studio 15
VisualStudioVersion = 15.0.27130.2027
MinimumVisualStudioVersion = 10.0.40219.1
Project("{8BC9CEB8-8B4A-11D0-8D11-00A0C91BC942}") = "Client", "client\Client.vcxproj", "{595AD564-2531-4FB6-A058-81D42E7697A4}"
EndProject
Project("{8BC9CEB8-8B4A-11D0-8D11-00A0C91BC942}") = "MapEditor", "mapeditor\MapEditor.vcxproj", "{510E8381-592A-4217-B515-4989DBA4C9F5}"
EndProject
Project("{8BC9CEB8-8B4A-11D0-8D11-00A0C91BC942}") = "LightEngine", "lightengine\LightEngine.vcxproj", "{8661B70A-8D22-4082-9E71-00312294DF0F}"
EndProject
Project("{8BC9CEB8-8B4A-11D0-8D11-00A0C91BC942}") = "VimD3DLib", "lightengine\vimD3Dlib\VimD3DLib.vcxproj", "{3CBC440C-CBD0-424F-88AC-E618B80583FB}"
EndProject
Project("{8BC9CEB8-8B4A-11D0-8D11-00A0C91BC942}") = "AccountServer", "server\account\AccountServer.vcxproj", "{A2C79674-2511-4784-B82C-D75DE84C7FFE}"
EndProject
Project("{8BC9CEB8-8B4A-11D0-8D11-00A0C91BC942}") = "GroupServer", "server\group\GroupServer.vcxproj", "{5E3348F3-151A-4077-A415-876BB1D5814F}"
EndProject
Project("{8BC9CEB8-8B4A-11D0-8D11-00A0C91BC942}") = "GateServer", "server\gate\GateServer.vcxproj", "{6A294700-F217-4726-8A7B-11C325AD16E6}"
EndProject
Project("{8BC9CEB8-8B4A-11D0-8D11-00A0C91BC942}") = "GameServer", "server\game\GameServer.vcxproj", "{525C57F1-D1F3-4AD2-B31D-F63CEEBA8BA6}"
EndProject
Project("{2150E333-8FDC-42A3-9474-1A3956D46DE8}") = "server", "server", "{6FAC9D81-5441-4F39-9CD8-49407D77715B}"
EndProject
Project("{2150E333-8FDC-42A3-9474-1A3956D46DE8}") = "shared", "shared", "{20D50B98-334B-456E-B337-BD63D2666449}"
EndProject
Project("{8BC9CEB8-8B4A-11D0-8D11-00A0C91BC942}") = "CaLua", "shared\calua\CaLua.vcxproj", "{1DF700CA-253B-406C-9B9D-52D6C2935B42}"
EndProject
Project("{8BC9CEB8-8B4A-11D0-8D11-00A0C91BC942}") = "Common", "shared\common\Common.vcxproj", "{58B6753C-75DA-449A-97F9-3B26DA4B6FB5}"
EndProject
Project("{8BC9CEB8-8B4A-11D0-8D11-00A0C91BC942}") = "EncLib", "shared\enclib\EncLib.vcxproj", "{C8FF6997-B107-46E6-88E1-F804DABD9F77}"
EndProject
Project("{8BC9CEB8-8B4A-11D0-8D11-00A0C91BC942}") = "ICUHelper", "shared\icuhelper\ICUHelper.vcxproj", "{3A1C94CD-CCBA-4F62-9AF1-919B10C582E3}"
EndProject
Project("{8BC9CEB8-8B4A-11D0-8D11-00A0C91BC942}") = "Logutil", "shared\logutil\Logutil.vcxproj", "{8C999608-91A8-4A85-BCD8-975B65EEC5F4}"
EndProject
Project("{8BC9CEB8-8B4A-11D0-8D11-00A0C91BC942}") = "LIBDBC", "shared\serversdk\LIBDBC.vcxproj", "{C9B950BB-F1B8-4274-B077-E07B16A16F1B}"
EndProject
Project("{8BC9CEB8-8B4A-11D0-8D11-00A0C91BC942}") = "Status", "shared\status\Status.vcxproj", "{1BDA542A-FAFB-4B7B-B7BD-3AD14BB78768}"
EndProject
Project("{8BC9CEB8-8B4A-11D0-8D11-00A0C91BC942}") = "InfoNet", "server\infonet\InfoNet.vcxproj", "{3AA5DEA3-24EA-4B23-92E6-3D5905FA38C6}"
EndProject
Project("{8BC9CEB8-8B4A-11D0-8D11-00A0C91BC942}") = "EffectEditor", "EffectEditor2\proj\EffectEditer.vcxproj", "{C2FFF408-0149-47D2-8D1E-B9D66DF6ECC3}"
EndProject
Global
	GlobalSection(SolutionConfigurationPlatforms) = preSolution
		Debug|x86 = Debug|x86
		Release Client|x86 = Release Client|x86
		Release|x86 = Release|x86
	EndGlobalSection
	GlobalSection(ProjectConfigurationPlatforms) = postSolution
		{595AD564-2531-4FB6-A058-81D42E7697A4}.Debug|x86.ActiveCfg = Release|Win32
		{595AD564-2531-4FB6-A058-81D42E7697A4}.Debug|x86.Build.0 = Release|Win32
		{595AD564-2531-4FB6-A058-81D42E7697A4}.Release Client|x86.ActiveCfg = Release|Win32
		{595AD564-2531-4FB6-A058-81D42E7697A4}.Release Client|x86.Build.0 = Release|Win32
		{595AD564-2531-4FB6-A058-81D42E7697A4}.Release|x86.ActiveCfg = Release|Win32
		{595AD564-2531-4FB6-A058-81D42E7697A4}.Release|x86.Build.0 = Release|Win32
		{510E8381-592A-4217-B515-4989DBA4C9F5}.Debug|x86.ActiveCfg = Release|Win32
		{510E8381-592A-4217-B515-4989DBA4C9F5}.Debug|x86.Build.0 = Release|Win32
		{510E8381-592A-4217-B515-4989DBA4C9F5}.Release Client|x86.ActiveCfg = Release|Win32
		{510E8381-592A-4217-B515-4989DBA4C9F5}.Release Client|x86.Build.0 = Release|Win32
		{510E8381-592A-4217-B515-4989DBA4C9F5}.Release|x86.ActiveCfg = Release|Win32
		{510E8381-592A-4217-B515-4989DBA4C9F5}.Release|x86.Build.0 = Release|Win32
		{8661B70A-8D22-4082-9E71-00312294DF0F}.Debug|x86.ActiveCfg = Release|Win32
		{8661B70A-8D22-4082-9E71-00312294DF0F}.Debug|x86.Build.0 = Release|Win32
		{8661B70A-8D22-4082-9E71-00312294DF0F}.Release Client|x86.ActiveCfg = Release|Win32
		{8661B70A-8D22-4082-9E71-00312294DF0F}.Release Client|x86.Build.0 = Release|Win32
		{8661B70A-8D22-4082-9E71-00312294DF0F}.Release|x86.ActiveCfg = Release|Win32
		{8661B70A-8D22-4082-9E71-00312294DF0F}.Release|x86.Build.0 = Release|Win32
		{3CBC440C-CBD0-424F-88AC-E618B80583FB}.Debug|x86.ActiveCfg = Debug|Win32
		{3CBC440C-CBD0-424F-88AC-E618B80583FB}.Debug|x86.Build.0 = Debug|Win32
		{3CBC440C-CBD0-424F-88AC-E618B80583FB}.Release Client|x86.ActiveCfg = Release|Win32
		{3CBC440C-CBD0-424F-88AC-E618B80583FB}.Release Client|x86.Build.0 = Release|Win32
		{3CBC440C-CBD0-424F-88AC-E618B80583FB}.Release|x86.ActiveCfg = Release|Win32
		{3CBC440C-CBD0-424F-88AC-E618B80583FB}.Release|x86.Build.0 = Release|Win32
		{A2C79674-2511-4784-B82C-D75DE84C7FFE}.Debug|x86.ActiveCfg = Release|Win32
		{A2C79674-2511-4784-B82C-D75DE84C7FFE}.Debug|x86.Build.0 = Release|Win32
		{A2C79674-2511-4784-B82C-D75DE84C7FFE}.Release Client|x86.ActiveCfg = Release|Win32
		{A2C79674-2511-4784-B82C-D75DE84C7FFE}.Release Client|x86.Build.0 = Release|Win32
		{A2C79674-2511-4784-B82C-D75DE84C7FFE}.Release|x86.ActiveCfg = Release|Win32
		{A2C79674-2511-4784-B82C-D75DE84C7FFE}.Release|x86.Build.0 = Release|Win32
		{5E3348F3-151A-4077-A415-876BB1D5814F}.Debug|x86.ActiveCfg = Release|Win32
		{5E3348F3-151A-4077-A415-876BB1D5814F}.Debug|x86.Build.0 = Release|Win32
		{5E3348F3-151A-4077-A415-876BB1D5814F}.Release Client|x86.ActiveCfg = Release|Win32
		{5E3348F3-151A-4077-A415-876BB1D5814F}.Release Client|x86.Build.0 = Release|Win32
		{5E3348F3-151A-4077-A415-876BB1D5814F}.Release|x86.ActiveCfg = Release|Win32
		{5E3348F3-151A-4077-A415-876BB1D5814F}.Release|x86.Build.0 = Release|Win32
		{6A294700-F217-4726-8A7B-11C325AD16E6}.Debug|x86.ActiveCfg = Release|Win32
		{6A294700-F217-4726-8A7B-11C325AD16E6}.Debug|x86.Build.0 = Release|Win32
		{6A294700-F217-4726-8A7B-11C325AD16E6}.Release Client|x86.ActiveCfg = Release|Win32
		{6A294700-F217-4726-8A7B-11C325AD16E6}.Release Client|x86.Build.0 = Release|Win32
		{6A294700-F217-4726-8A7B-11C325AD16E6}.Release|x86.ActiveCfg = Release|Win32
		{6A294700-F217-4726-8A7B-11C325AD16E6}.Release|x86.Build.0 = Release|Win32
		{525C57F1-D1F3-4AD2-B31D-F63CEEBA8BA6}.Debug|x86.ActiveCfg = Release|Win32
		{525C57F1-D1F3-4AD2-B31D-F63CEEBA8BA6}.Debug|x86.Build.0 = Release|Win32
		{525C57F1-D1F3-4AD2-B31D-F63CEEBA8BA6}.Release Client|x86.ActiveCfg = Release|Win32
		{525C57F1-D1F3-4AD2-B31D-F63CEEBA8BA6}.Release Client|x86.Build.0 = Release|Win32
		{525C57F1-D1F3-4AD2-B31D-F63CEEBA8BA6}.Release|x86.ActiveCfg = Release|Win32
		{525C57F1-D1F3-4AD2-B31D-F63CEEBA8BA6}.Release|x86.Build.0 = Release|Win32
		{1DF700CA-253B-406C-9B9D-52D6C2935B42}.Debug|x86.ActiveCfg = Release|Win32
		{1DF700CA-253B-406C-9B9D-52D6C2935B42}.Debug|x86.Build.0 = Release|Win32
		{1DF700CA-253B-406C-9B9D-52D6C2935B42}.Release Client|x86.ActiveCfg = Release|Win32
		{1DF700CA-253B-406C-9B9D-52D6C2935B42}.Release Client|x86.Build.0 = Release|Win32
		{1DF700CA-253B-406C-9B9D-52D6C2935B42}.Release|x86.ActiveCfg = Release|Win32
		{1DF700CA-253B-406C-9B9D-52D6C2935B42}.Release|x86.Build.0 = Release|Win32
		{58B6753C-75DA-449A-97F9-3B26DA4B6FB5}.Debug|x86.ActiveCfg = Release|Win32
		{58B6753C-75DA-449A-97F9-3B26DA4B6FB5}.Debug|x86.Build.0 = Release|Win32
		{58B6753C-75DA-449A-97F9-3B26DA4B6FB5}.Release Client|x86.ActiveCfg = Release|Win32
		{58B6753C-75DA-449A-97F9-3B26DA4B6FB5}.Release Client|x86.Build.0 = Release|Win32
		{58B6753C-75DA-449A-97F9-3B26DA4B6FB5}.Release|x86.ActiveCfg = Release|Win32
		{58B6753C-75DA-449A-97F9-3B26DA4B6FB5}.Release|x86.Build.0 = Release|Win32
		{C8FF6997-B107-46E6-88E1-F804DABD9F77}.Debug|x86.ActiveCfg = Release|Win32
		{C8FF6997-B107-46E6-88E1-F804DABD9F77}.Debug|x86.Build.0 = Release|Win32
		{C8FF6997-B107-46E6-88E1-F804DABD9F77}.Release Client|x86.ActiveCfg = Release|Win32
		{C8FF6997-B107-46E6-88E1-F804DABD9F77}.Release Client|x86.Build.0 = Release|Win32
		{C8FF6997-B107-46E6-88E1-F804DABD9F77}.Release|x86.ActiveCfg = Release|Win32
		{C8FF6997-B107-46E6-88E1-F804DABD9F77}.Release|x86.Build.0 = Release|Win32
		{3A1C94CD-CCBA-4F62-9AF1-919B10C582E3}.Debug|x86.ActiveCfg = Release|Win32
		{3A1C94CD-CCBA-4F62-9AF1-919B10C582E3}.Debug|x86.Build.0 = Release|Win32
		{3A1C94CD-CCBA-4F62-9AF1-919B10C582E3}.Release Client|x86.ActiveCfg = Release|Win32
		{3A1C94CD-CCBA-4F62-9AF1-919B10C582E3}.Release Client|x86.Build.0 = Release|Win32
		{3A1C94CD-CCBA-4F62-9AF1-919B10C582E3}.Release|x86.ActiveCfg = Release|Win32
		{3A1C94CD-CCBA-4F62-9AF1-919B10C582E3}.Release|x86.Build.0 = Release|Win32
		{8C999608-91A8-4A85-BCD8-975B65EEC5F4}.Debug|x86.ActiveCfg = Release|Win32
		{8C999608-91A8-4A85-BCD8-975B65EEC5F4}.Debug|x86.Build.0 = Release|Win32
		{8C999608-91A8-4A85-BCD8-975B65EEC5F4}.Release Client|x86.ActiveCfg = Release|Win32
		{8C999608-91A8-4A85-BCD8-975B65EEC5F4}.Release Client|x86.Build.0 = Release|Win32
		{8C999608-91A8-4A85-BCD8-975B65EEC5F4}.Release|x86.ActiveCfg = Release|Win32
		{8C999608-91A8-4A85-BCD8-975B65EEC5F4}.Release|x86.Build.0 = Release|Win32
		{C9B950BB-F1B8-4274-B077-E07B16A16F1B}.Debug|x86.ActiveCfg = Release|Win32
		{C9B950BB-F1B8-4274-B077-E07B16A16F1B}.Debug|x86.Build.0 = Release|Win32
		{C9B950BB-F1B8-4274-B077-E07B16A16F1B}.Release Client|x86.ActiveCfg = Release Client|Win32
		{C9B950BB-F1B8-4274-B077-E07B16A16F1B}.Release Client|x86.Build.0 = Release Client|Win32
		{C9B950BB-F1B8-4274-B077-E07B16A16F1B}.Release|x86.ActiveCfg = Release|Win32
		{C9B950BB-F1B8-4274-B077-E07B16A16F1B}.Release|x86.Build.0 = Release|Win32
		{1BDA542A-FAFB-4B7B-B7BD-3AD14BB78768}.Debug|x86.ActiveCfg = Release|Win32
		{1BDA542A-FAFB-4B7B-B7BD-3AD14BB78768}.Debug|x86.Build.0 = Release|Win32
		{1BDA542A-FAFB-4B7B-B7BD-3AD14BB78768}.Release Client|x86.ActiveCfg = Release|Win32
		{1BDA542A-FAFB-4B7B-B7BD-3AD14BB78768}.Release Client|x86.Build.0 = Release|Win32
		{1BDA542A-FAFB-4B7B-B7BD-3AD14BB78768}.Release|x86.ActiveCfg = Release|Win32
		{1BDA542A-FAFB-4B7B-B7BD-3AD14BB78768}.Release|x86.Build.0 = Release|Win32
		{3AA5DEA3-24EA-4B23-92E6-3D5905FA38C6}.Debug|x86.ActiveCfg = Release|Win32
		{3AA5DEA3-24EA-4B23-92E6-3D5905FA38C6}.Debug|x86.Build.0 = Release|Win32
		{3AA5DEA3-24EA-4B23-92E6-3D5905FA38C6}.Release Client|x86.ActiveCfg = Release|Win32
		{3AA5DEA3-24EA-4B23-92E6-3D5905FA38C6}.Release Client|x86.Build.0 = Release|Win32
		{3AA5DEA3-24EA-4B23-92E6-3D5905FA38C6}.Release|x86.ActiveCfg = Release|Win32
		{3AA5DEA3-24EA-4B23-92E6-3D5905FA38C6}.Release|x86.Build.0 = Release|Win32
		{C2FFF408-0149-47D2-8D1E-B9D66DF6ECC3}.Debug|x86.ActiveCfg = Debug|Win32
		{C2FFF408-0149-47D2-8D1E-B9D66DF6ECC3}.Debug|x86.Build.0 = Debug|Win32
		{C2FFF408-0149-47D2-8D1E-B9D66DF6ECC3}.Release Client|x86.ActiveCfg = Release|Win32
		{C2FFF408-0149-47D2-8D1E-B9D66DF6ECC3}.Release Client|x86.Build.0 = Release|Win32
		{C2FFF408-0149-47D2-8D1E-B9D66DF6ECC3}.Release|x86.ActiveCfg = Release|Win32
		{C2FFF408-0149-47D2-8D1E-B9D66DF6ECC3}.Release|x86.Build.0 = Release|Win32
	EndGlobalSection
	GlobalSection(SolutionProperties) = preSolution
		HideSolutionNode = FALSE
	EndGlobalSection
	GlobalSection(NestedProjects) = preSolution
		{A2C79674-2511-4784-B82C-D75DE84C7FFE} = {6FAC9D81-5441-4F39-9CD8-49407D77715B}
		{5E3348F3-151A-4077-A415-876BB1D5814F} = {6FAC9D81-5441-4F39-9CD8-49407D77715B}
		{6A294700-F217-4726-8A7B-11C325AD16E6} = {6FAC9D81-5441-4F39-9CD8-49407D77715B}
		{525C57F1-D1F3-4AD2-B31D-F63CEEBA8BA6} = {6FAC9D81-5441-4F39-9CD8-49407D77715B}
		{1DF700CA-253B-406C-9B9D-52D6C2935B42} = {20D50B98-334B-456E-B337-BD63D2666449}
		{58B6753C-75DA-449A-97F9-3B26DA4B6FB5} = {20D50B98-334B-456E-B337-BD63D2666449}
		{C8FF6997-B107-46E6-88E1-F804DABD9F77} = {20D50B98-334B-456E-B337-BD63D2666449}
		{3A1C94CD-CCBA-4F62-9AF1-919B10C582E3} = {20D50B98-334B-456E-B337-BD63D2666449}
		{8C999608-91A8-4A85-BCD8-975B65EEC5F4} = {20D50B98-334B-456E-B337-BD63D2666449}
		{C9B950BB-F1B8-4274-B077-E07B16A16F1B} = {20D50B98-334B-456E-B337-BD63D2666449}
		{1BDA542A-FAFB-4B7B-B7BD-3AD14BB78768} = {20D50B98-334B-456E-B337-BD63D2666449}
		{3AA5DEA3-24EA-4B23-92E6-3D5905FA38C6} = {6FAC9D81-5441-4F39-9CD8-49407D77715B}
	EndGlobalSection
	GlobalSection(ExtensibilityGlobals) = postSolution
		SolutionGuid = {A2787F2F-EF36-4B5A-8BC1-055B2CF4260B}
	EndGlobalSection
EndGlobal
