<?xml version="1.0" encoding="utf-8"?>
<Project ToolsVersion="4.0" xmlns="http://schemas.microsoft.com/developer/msbuild/2003">
  <ItemGroup>
    <ClCompile Include=".\src\AniFile.cpp" />
    <ClCompile Include=".\src\Blk.cpp" />
    <ClCompile Include=".\src\Color.cpp" />
    <ClCompile Include=".\src\d3dutil.cpp" />
    <ClCompile Include=".\src\drAnimCtrl.cpp" />
    <ClCompile Include=".\src\drAnimCtrlObj.cpp" />
    <ClCompile Include=".\src\drAnimKeySetPRS.cpp" />
    <ClCompile Include=".\src\drBitmap.cpp" />
    <ClCompile Include=".\src\drCamera.cpp" />
    <ClCompile Include=".\src\drConsole.cpp" />
    <ClCompile Include=".\src\drCoordinateSys.cpp" />
    <ClCompile Include=".\src\drD3DSettings.cpp" />
    <ClCompile Include=".\src\drDDSFile.cpp" />
    <ClCompile Include=".\src\drdeviceobject.cpp" />
    <ClCompile Include=".\src\drDirectoryBrowser.cpp" />
    <ClCompile Include=".\src\drEfxTrack.cpp" />
    <ClCompile Include=".\src\drExpObj.cpp" />
    <ClCompile Include=".\src\drFile.cpp" />
    <ClCompile Include=".\src\drFileEncode.cpp" />
    <ClCompile Include=".\src\drFileStream.cpp" />
    <ClCompile Include=".\src\drFileutil.cpp" />
    <ClCompile Include=".\src\drgraphicsutil.cpp" />
    <ClCompile Include=".\src\drGuidObj.cpp" />
    <ClCompile Include=".\src\drHeap.cpp" />
    <ClCompile Include=".\src\drHelperGeometry.cpp" />
    <ClCompile Include=".\src\drIFunc.cpp" />
    <ClCompile Include=".\src\drInterface.cpp" />
    <ClCompile Include=".\src\drItem.cpp" />
    <ClCompile Include=".\src\drIUtil.cpp" />
    <ClCompile Include=".\src\drmath.cpp" />
    <ClCompile Include=".\src\drMisc.cpp" />
    <ClCompile Include=".\src\drModel.cpp" />
    <ClCompile Include=".\src\drNodeObject.cpp" />
    <ClCompile Include=".\src\drObjectMethod.cpp" />
    <ClCompile Include=".\src\drObjectPool.cpp" />
    <ClCompile Include=".\src\drPathInfo.cpp" />
    <ClCompile Include=".\src\drPhysique.cpp" />
    <ClCompile Include=".\src\drposectrl.cpp" />
    <ClCompile Include=".\src\drprimitive.cpp" />
    <ClCompile Include=".\src\drPrimitiveHelper.cpp" />
    <ClCompile Include=".\src\drRenderCtrlEmb.cpp" />
    <ClCompile Include=".\src\drRenderImp.cpp" />
    <ClCompile Include=".\src\drresourcemgr.cpp" />
    <ClCompile Include=".\src\drSceneMgr.cpp" />
    <ClCompile Include=".\src\drShaderDeclMgr.cpp" />
    <ClCompile Include=".\src\drShaderMgr.cpp" />
    <ClCompile Include=".\src\drStreamObj.cpp" />
    <ClCompile Include=".\src\drSysCharacter.cpp" />
    <ClCompile Include=".\src\drSysGraphics.cpp" />
    <ClCompile Include=".\src\drSystem.cpp" />
    <ClCompile Include=".\src\drSystemInfo.cpp" />
    <ClCompile Include=".\src\drThreadPool.cpp" />
    <ClCompile Include=".\src\drTimer.cpp" />
    <ClCompile Include=".\src\drTreeNode.cpp" />
    <ClCompile Include=".\src\drViewFrustum.cpp" />
    <ClCompile Include=".\src\drxRenderCtrVS.cpp" />
    <ClCompile Include=".\src\dxutil.cpp" />
    <ClCompile Include=".\src\EffectFile.cpp" />
    <ClCompile Include=".\src\Frames.cpp" />
    <ClCompile Include=".\src\Frustum.cpp" />
    <ClCompile Include=".\src\Heightmap.cpp" />
    <ClCompile Include=".\src\I_Effect.cpp" />
    <ClCompile Include=".\src\LECamera.cpp" />
    <ClCompile Include=".\src\LECharacter.cpp" />
    <ClCompile Include=".\src\LEColorValue.cpp" />
    <ClCompile Include=".\src\LEConsole.cpp" />
    <ClCompile Include=".\src\LEDataStream.cpp" />
    <ClCompile Include=".\src\LEEffectCtrl.cpp" />
    <ClCompile Include=".\src\LEEffectMath.cpp" />
    <ClCompile Include=".\src\LEEffQuaternion.cpp" />
    <ClCompile Include=".\src\LEEffVector3.cpp" />
    <ClCompile Include=".\src\LEFont.cpp" />
    <ClCompile Include=".\src\LEGameApp.cpp" />
    <ClCompile Include=".\src\LEMap.cpp" />
    <ClCompile Include=".\src\LEMapData.cpp" />
    <ClCompile Include=".\src\LEMath.cpp" />
    <ClCompile Include=".\src\LEModelEff.cpp" />
    <ClCompile Include=".\src\LEParticleCtrl.cpp" />
    <ClCompile Include=".\src\LEParticleSys.cpp" />
    <ClCompile Include=".\src\LERender.cpp" />
    <ClCompile Include=".\src\LEResManger.cpp" />
    <ClCompile Include=".\src\LESceneItem.cpp" />
    <ClCompile Include=".\src\LESceneObject.cpp" />
    <ClCompile Include=".\src\LEShadeMap.cpp" />
    <ClCompile Include=".\src\LEStringUtil.cpp" />
    <ClCompile Include=".\src\LETile.cpp" />
    <ClCompile Include=".\src\mygraph.cpp" />
    <ClCompile Include=".\src\ShaderLoad.cpp" />
    <ClCompile Include=".\src\Singleton.cpp" />
    <ClCompile Include=".\src\stdafx.cpp" />
    <ClCompile Include=".\src\Terrain.cpp" />
    <ClCompile Include=".\src\Texture.cpp" />
    <ClCompile Include=".\src\TextureManager.cpp" />
    <ClCompile Include=".\src\TgaCore.cpp" />
    <ClCompile Include=".\src\ViM_helper.cpp" />
    <ClCompile Include=".\src\ZRBlock.cpp" />
    <ClCompile Include="src\LESkyBox.cpp" />
  </ItemGroup>
  <ItemGroup>
    <ClInclude Include=".\inc\d3dutil.h" />
    <ClInclude Include=".\inc\dxutil.h" />
    <ClInclude Include=".\inc\EffectFile.h" />
    <ClInclude Include=".\inc\GlobalInc.h" />
    <ClInclude Include=".\inc\I_Effect.h" />
    <ClInclude Include=".\inc\LECamera.h" />
    <ClInclude Include=".\inc\lecharacter.h" />
    <ClInclude Include=".\inc\LEColorValue.h" />
    <ClInclude Include=".\inc\LEConsole.h" />
    <ClInclude Include=".\inc\LEDataStream.h" />
    <ClInclude Include=".\inc\LEEffectCtrl.h" />
    <ClInclude Include=".\inc\LEEffectMath.h" />
    <ClInclude Include=".\inc\LEEffPrerequisites.h" />
    <ClInclude Include=".\inc\LEEffQuaternion.h" />
    <ClInclude Include=".\inc\LEEffVector3.h" />
    <ClInclude Include=".\inc\LEFactoryObj.h" />
    <ClInclude Include=".\inc\LEFont.h" />
    <ClInclude Include=".\inc\LEGameApp.h" />
    <ClInclude Include=".\inc\LEInterface.h" />
    <ClInclude Include=".\inc\LEIteratorWrappers.h" />
    <ClInclude Include=".\inc\LEMap.h" />
    <ClInclude Include=".\inc\LEMath.h" />
    <ClInclude Include=".\inc\LEParameterInterface.h" />
    <ClInclude Include=".\inc\LEParticleAffector.h" />
    <ClInclude Include=".\inc\LEParticleAffectorFactory.h" />
    <ClInclude Include=".\inc\LEParticleCtrl.h" />
    <ClInclude Include=".\inc\LEParticleEmitterFactory.h" />
    <ClInclude Include=".\inc\LEParticleSys.h" />
    <ClInclude Include=".\inc\LERender.h" />
    <ClInclude Include=".\inc\LEResManger.h" />
    <ClInclude Include=".\inc\LESceneItem.h" />
    <ClInclude Include=".\inc\LESceneObject.h" />
    <ClInclude Include=".\inc\LEScriptLoader.h" />
    <ClInclude Include=".\inc\LEShadeMap.h" />
    <ClInclude Include=".\inc\LESharedPtr.h" />
    <ClInclude Include=".\inc\LESingleton.h" />
    <ClInclude Include=".\inc\LEStringUtil.h" />
    <ClInclude Include=".\inc\LEStringVector.h" />
    <ClInclude Include=".\inc\LETextureSet.h" />
    <ClInclude Include=".\inc\LETile.h" />
    <ClInclude Include=".\inc\LightEngine.h" />
    <ClInclude Include=".\inc\LightEngineAPI.h" />
    <ClInclude Include=".\inc\mygraph.h" />
    <ClInclude Include=".\inc\ShaderLoad.h" />
    <ClInclude Include=".\inc\STLprerequisite.h" />
    <ClInclude Include=".\inc\ZRBlock.h" />
    <ClInclude Include=".\inc\Blk.h" />
    <ClInclude Include=".\inc\Color.h" />
    <ClInclude Include=".\inc\drAnimCtrl.h" />
    <ClInclude Include=".\inc\drAnimCtrlObj.h" />
    <ClInclude Include=".\inc\drAnimKeySetPRS.h" />
    <ClInclude Include=".\inc\drBitmap.h" />
    <ClInclude Include=".\inc\drCamera.h" />
    <ClInclude Include=".\inc\drConsole.h" />
    <ClInclude Include=".\inc\drCoordinateSys.h" />
    <ClInclude Include=".\inc\drD3DSettings.h" />
    <ClInclude Include=".\inc\drDDS.h" />
    <ClInclude Include=".\inc\drDDSFile.h" />
    <ClInclude Include=".\inc\drDeviceObject.h" />
    <ClInclude Include=".\inc\drDirectoryBrowser.h" />
    <ClInclude Include=".\inc\drEfxTrack.h" />
    <ClInclude Include=".\inc\drExpObj.h" />
    <ClInclude Include=".\inc\drFile.h" />
    <ClInclude Include=".\inc\drFileEncode.h" />
    <ClInclude Include=".\inc\drFileStream.h" />
    <ClInclude Include=".\inc\drFileutil.h" />
    <ClInclude Include=".\inc\drgraphics.h" />
    <ClInclude Include=".\inc\drgraphicsutil.h" />
    <ClInclude Include=".\inc\drHeap.h" />
    <ClInclude Include=".\inc\drHelperGeometry.h" />
    <ClInclude Include=".\inc\drInterfaceExt.h" />
    <ClInclude Include=".\inc\drItem.h" />
    <ClInclude Include=".\inc\drLinkCtrl.h" />
    <ClInclude Include=".\inc\drMisc.h" />
    <ClInclude Include=".\inc\drModel.h" />
    <ClInclude Include=".\inc\drNodeObject.h" />
    <ClInclude Include=".\inc\drObjectPool.h" />
    <ClInclude Include=".\inc\drPathInfo.h" />
    <ClInclude Include=".\inc\drPhysique.h" />
    <ClInclude Include=".\inc\drPoseCtrl.h" />
    <ClInclude Include=".\inc\drPreDefinition.h" />
    <ClInclude Include=".\inc\drPrimitive.h" />
    <ClInclude Include=".\inc\drPrimitiveHelper.h" />
    <ClInclude Include=".\inc\drRenderCtrlEmb.h" />
    <ClInclude Include=".\inc\drRenderImp.h" />
    <ClInclude Include=".\inc\drResourceMgr.h" />
    <ClInclude Include=".\inc\rSceneMgr.h" />
    <ClInclude Include=".\inc\drShaderDeclMgr.h" />
    <ClInclude Include=".\inc\drShaderMgr.h" />
    <ClInclude Include=".\inc\drStreamObj.h" />
    <ClInclude Include=".\inc\drSyncObj.h" />
    <ClInclude Include=".\inc\drSysCharacter.h" />
    <ClInclude Include=".\inc\drSysGraphics.h" />
    <ClInclude Include=".\inc\drSystem.h" />
    <ClInclude Include=".\inc\drSystemInfo.h" />
    <ClInclude Include=".\inc\drThreadPool.h" />
    <ClInclude Include=".\inc\drTimer.h" />
    <ClInclude Include=".\inc\drTreeNode.h" />
    <ClInclude Include=".\inc\drutilsexp.h" />
    <ClInclude Include=".\inc\drViewFrustum.h" />
    <ClInclude Include=".\inc\drxRenderCtrlVS.h" />
    <ClInclude Include=".\inc\Frames.h" />
    <ClInclude Include=".\inc\Frustum.h" />
    <ClInclude Include=".\inc\Heightmap.h" />
    <ClInclude Include=".\inc\stdafx.h" />
    <ClInclude Include=".\inc\StdHeader.h" />
    <ClInclude Include=".\inc\Terrain.h" />
    <ClInclude Include=".\inc\Texture.h" />
    <ClInclude Include=".\inc\TextureManager.h" />
    <ClInclude Include=".\inc\TgaCore.h" />
    <ClInclude Include=".\inc\ViM_helper.h" />
    <ClInclude Include="inc\LESkyBox.h" />
  </ItemGroup>
</Project>